// !$*UTF8*$!
{
	archiveVersion = 1;
	classes = {
	};
	objectVersion = 55;
	objects = {

/* Begin PBXBuildFile section */
		A8109D17297D7FE8003D0712 /* AppDelegate.swift in Sources */ = {isa = PBXBuildFile; fileRef = A8109D16297D7FE8003D0712 /* AppDelegate.swift */; };
		A8109D19297D821D003D0712 /* StackView.swift in Sources */ = {isa = PBXBuildFile; fileRef = A8109D18297D821D003D0712 /* StackView.swift */; };
		A8109D1B297D875E003D0712 /* ChildView.swift in Sources */ = {isa = PBXBuildFile; fileRef = A8109D1A297D875E003D0712 /* ChildView.swift */; };
		A8109D1E297D87BD003D0712 /* SampleView.swift in Sources */ = {isa = PBXBuildFile; fileRef = A8109D1D297D87BD003D0712 /* SampleView.swift */; };
		A813395129893C6C0031FDF9 /* ScreenSelectorView.swift in Sources */ = {isa = PBXBuildFile; fileRef = A813395029893C6C0031FDF9 /* ScreenSelectorView.swift */; };
		A813395429893D400031FDF9 /* CounterView.swift in Sources */ = {isa = PBXBuildFile; fileRef = A813395329893D400031FDF9 /* CounterView.swift */; };
		A8370129299966B1008F19CB /* com_makeevrserg_kmmplayground_shared.swift in Sources */ = {isa = PBXBuildFile; fileRef = A8370128299966B1008F19CB /* com_makeevrserg_kmmplayground_shared.swift */; };
		A837012C29996978008F19CB /* EnterNameView.swift in Sources */ = {isa = PBXBuildFile; fileRef = A837012B29996978008F19CB /* EnterNameView.swift */; };
		A83EC2722998FD8A003952A7 /* Pods_iosApp.framework in Frameworks */ = {isa = PBXBuildFile; fileRef = 4B2FB99B60FA1F7B69CAE30E /* Pods_iosApp.framework */; };
		A84D9D77297D798A00BA1DC6 /* iosAppApp.swift in Sources */ = {isa = PBXBuildFile; fileRef = A84D9D76297D798A00BA1DC6 /* iosAppApp.swift */; };
		A84D9D79297D798A00BA1DC6 /* ContentView.swift in Sources */ = {isa = PBXBuildFile; fileRef = A84D9D78297D798A00BA1DC6 /* ContentView.swift */; };
		A84D9D7B297D798C00BA1DC6 /* Assets.xcassets in Resources */ = {isa = PBXBuildFile; fileRef = A84D9D7A297D798C00BA1DC6 /* Assets.xcassets */; };
		A84D9D7E297D798C00BA1DC6 /* Preview Assets.xcassets in Resources */ = {isa = PBXBuildFile; fileRef = A84D9D7D297D798C00BA1DC6 /* Preview Assets.xcassets */; };
		A84D9D91297D7A1B00BA1DC6 /* ObservableValue.swift in Sources */ = {isa = PBXBuildFile; fileRef = A84D9D85297D7A1B00BA1DC6 /* ObservableValue.swift */; };
		A84D9D92297D7A1B00BA1DC6 /* ViewController.swift in Sources */ = {isa = PBXBuildFile; fileRef = A84D9D88297D7A1B00BA1DC6 /* ViewController.swift */; };
		A84D9D93297D7A1B00BA1DC6 /* Main.storyboard in Resources */ = {isa = PBXBuildFile; fileRef = A84D9D89297D7A1B00BA1DC6 /* Main.storyboard */; };
		A84D9D94297D7A1B00BA1DC6 /* RootView.swift in Sources */ = {isa = PBXBuildFile; fileRef = A84D9D8C297D7A1B00BA1DC6 /* RootView.swift */; };
		A84D9D96297D7A1B00BA1DC6 /* StoryBoardView.swift in Sources */ = {isa = PBXBuildFile; fileRef = A84D9D90297D7A1B00BA1DC6 /* StoryBoardView.swift */; };
		A84D9D99297D7A3F00BA1DC6 /* RootHolder.swift in Sources */ = {isa = PBXBuildFile; fileRef = A84D9D98297D7A3F00BA1DC6 /* RootHolder.swift */; };
		A8BC3315299D68C900230980 /* ToastModifier.swift in Sources */ = {isa = PBXBuildFile; fileRef = A8BC3314299D68C900230980 /* ToastModifier.swift */; };
/* End PBXBuildFile section */

/* Begin PBXFileReference section */
		4B2FB99B60FA1F7B69CAE30E /* Pods_iosApp.framework */ = {isa = PBXFileReference; explicitFileType = wrapper.framework; includeInIndex = 0; path = Pods_iosApp.framework; sourceTree = BUILT_PRODUCTS_DIR; };
		A8109D16297D7FE8003D0712 /* AppDelegate.swift */ = {isa = PBXFileReference; lastKnownFileType = sourcecode.swift; path = AppDelegate.swift; sourceTree = "<group>"; };
		A8109D18297D821D003D0712 /* StackView.swift */ = {isa = PBXFileReference; lastKnownFileType = sourcecode.swift; path = StackView.swift; sourceTree = "<group>"; };
		A8109D1A297D875E003D0712 /* ChildView.swift */ = {isa = PBXFileReference; lastKnownFileType = sourcecode.swift; path = ChildView.swift; sourceTree = "<group>"; };
		A8109D1D297D87BD003D0712 /* SampleView.swift */ = {isa = PBXFileReference; lastKnownFileType = sourcecode.swift; path = SampleView.swift; sourceTree = "<group>"; };
		A813395029893C6C0031FDF9 /* ScreenSelectorView.swift */ = {isa = PBXFileReference; lastKnownFileType = sourcecode.swift; path = ScreenSelectorView.swift; sourceTree = "<group>"; };
		A813395329893D400031FDF9 /* CounterView.swift */ = {isa = PBXFileReference; lastKnownFileType = sourcecode.swift; path = CounterView.swift; sourceTree = "<group>"; };
		A8370128299966B1008F19CB /* com_makeevrserg_kmmplayground_shared.swift */ = {isa = PBXFileReference; fileEncoding = 4; lastKnownFileType = sourcecode.swift; name = com_makeevrserg_kmmplayground_shared.swift; path = ../../../shared/build/bin/iosArm64/podDebugFramework/MultiPlatformLibrarySwift/com_makeevrserg_kmmplayground_shared.swift; sourceTree = "<group>"; };
		A837012B29996978008F19CB /* EnterNameView.swift */ = {isa = PBXFileReference; lastKnownFileType = sourcecode.swift; path = EnterNameView.swift; sourceTree = "<group>"; };
		A84D9D73297D798A00BA1DC6 /* iosApp.app */ = {isa = PBXFileReference; explicitFileType = wrapper.application; includeInIndex = 0; path = iosApp.app; sourceTree = BUILT_PRODUCTS_DIR; };
		A84D9D76297D798A00BA1DC6 /* iosAppApp.swift */ = {isa = PBXFileReference; lastKnownFileType = sourcecode.swift; path = iosAppApp.swift; sourceTree = "<group>"; };
		A84D9D78297D798A00BA1DC6 /* ContentView.swift */ = {isa = PBXFileReference; lastKnownFileType = sourcecode.swift; path = ContentView.swift; sourceTree = "<group>"; };
		A84D9D7A297D798C00BA1DC6 /* Assets.xcassets */ = {isa = PBXFileReference; lastKnownFileType = folder.assetcatalog; path = Assets.xcassets; sourceTree = "<group>"; };
		A84D9D7D297D798C00BA1DC6 /* Preview Assets.xcassets */ = {isa = PBXFileReference; lastKnownFileType = folder.assetcatalog; path = "Preview Assets.xcassets"; sourceTree = "<group>"; };
		A84D9D85297D7A1B00BA1DC6 /* ObservableValue.swift */ = {isa = PBXFileReference; fileEncoding = 4; lastKnownFileType = sourcecode.swift; path = ObservableValue.swift; sourceTree = "<group>"; };
		A84D9D88297D7A1B00BA1DC6 /* ViewController.swift */ = {isa = PBXFileReference; fileEncoding = 4; lastKnownFileType = sourcecode.swift; path = ViewController.swift; sourceTree = "<group>"; };
		A84D9D8A297D7A1B00BA1DC6 /* Base */ = {isa = PBXFileReference; lastKnownFileType = file.storyboard; name = Base; path = Base.lproj/Main.storyboard; sourceTree = "<group>"; };
		A84D9D8C297D7A1B00BA1DC6 /* RootView.swift */ = {isa = PBXFileReference; fileEncoding = 4; lastKnownFileType = sourcecode.swift; path = RootView.swift; sourceTree = "<group>"; };
		A84D9D90297D7A1B00BA1DC6 /* StoryBoardView.swift */ = {isa = PBXFileReference; fileEncoding = 4; lastKnownFileType = sourcecode.swift; path = StoryBoardView.swift; sourceTree = "<group>"; };
		A84D9D98297D7A3F00BA1DC6 /* RootHolder.swift */ = {isa = PBXFileReference; fileEncoding = 4; lastKnownFileType = sourcecode.swift; path = RootHolder.swift; sourceTree = "<group>"; };
		A8BC3314299D68C900230980 /* ToastModifier.swift */ = {isa = PBXFileReference; lastKnownFileType = sourcecode.swift; path = ToastModifier.swift; sourceTree = "<group>"; };
		C96AC21C0B20836276638E2C /* Pods-iosApp.debug.xcconfig */ = {isa = PBXFileReference; includeInIndex = 1; lastKnownFileType = text.xcconfig; name = "Pods-iosApp.debug.xcconfig"; path = "Target Support Files/Pods-iosApp/Pods-iosApp.debug.xcconfig"; sourceTree = "<group>"; };
		E2EFF7295FACA602DE9ED3C2 /* Pods-iosApp.release.xcconfig */ = {isa = PBXFileReference; includeInIndex = 1; lastKnownFileType = text.xcconfig; name = "Pods-iosApp.release.xcconfig"; path = "Target Support Files/Pods-iosApp/Pods-iosApp.release.xcconfig"; sourceTree = "<group>"; };
/* End PBXFileReference section */

/* Begin PBXFrameworksBuildPhase section */
		A84D9D70297D798A00BA1DC6 /* Frameworks */ = {
			isa = PBXFrameworksBuildPhase;
			buildActionMask = 2147483647;
			files = (
				A83EC2722998FD8A003952A7 /* Pods_iosApp.framework in Frameworks */,
			);
			runOnlyForDeploymentPostprocessing = 0;
		};
/* End PBXFrameworksBuildPhase section */

/* Begin PBXGroup section */
		3BB580704FE33EC463E52265 /* Frameworks */ = {
			isa = PBXGroup;
			children = (
				4B2FB99B60FA1F7B69CAE30E /* Pods_iosApp.framework */,
			);
			name = Frameworks;
			sourceTree = "<group>";
		};
		776CA4F7FFBDCA2B43FF618D /* Pods */ = {
			isa = PBXGroup;
			children = (
				C96AC21C0B20836276638E2C /* Pods-iosApp.debug.xcconfig */,
				E2EFF7295FACA602DE9ED3C2 /* Pods-iosApp.release.xcconfig */,
			);
			path = Pods;
			sourceTree = "<group>";
		};
		A8109D1C297D87B4003D0712 /* sample */ = {
			isa = PBXGroup;
			children = (
				A8109D1D297D87BD003D0712 /* SampleView.swift */,
			);
			path = sample;
			sourceTree = "<group>";
		};
		A813394F29893C5D0031FDF9 /* selection */ = {
			isa = PBXGroup;
			children = (
				A813395029893C6C0031FDF9 /* ScreenSelectorView.swift */,
			);
			path = selection;
			sourceTree = "<group>";
		};
		A813395229893D370031FDF9 /* counter */ = {
			isa = PBXGroup;
			children = (
				A813395329893D400031FDF9 /* CounterView.swift */,
			);
			path = counter;
			sourceTree = "<group>";
		};
		A837012729996660008F19CB /* refs */ = {
			isa = PBXGroup;
			children = (
				A8370128299966B1008F19CB /* com_makeevrserg_kmmplayground_shared.swift */,
			);
			path = refs;
			sourceTree = "<group>";
		};
		A837012A2999696B008F19CB /* entername */ = {
			isa = PBXGroup;
			children = (
				A837012B29996978008F19CB /* EnterNameView.swift */,
			);
			path = entername;
			sourceTree = "<group>";
		};
		A84D9D6A297D798A00BA1DC6 = {
			isa = PBXGroup;
			children = (
				A84D9D75297D798A00BA1DC6 /* iosApp */,
				A84D9D74297D798A00BA1DC6 /* Products */,
				776CA4F7FFBDCA2B43FF618D /* Pods */,
				3BB580704FE33EC463E52265 /* Frameworks */,
			);
			sourceTree = "<group>";
		};
		A84D9D74297D798A00BA1DC6 /* Products */ = {
			isa = PBXGroup;
			children = (
				A84D9D73297D798A00BA1DC6 /* iosApp.app */,
			);
			name = Products;
			sourceTree = "<group>";
		};
		A84D9D75297D798A00BA1DC6 /* iosApp */ = {
			isa = PBXGroup;
			children = (
				A837012729996660008F19CB /* refs */,
				A84D9D97297D7A3100BA1DC6 /* app */,
				A84D9D8F297D7A1B00BA1DC6 /* components */,
				A84D9D86297D7A1B00BA1DC6 /* presentation */,
				A84D9D84297D7A1B00BA1DC6 /* utils */,
				A84D9D7A297D798C00BA1DC6 /* Assets.xcassets */,
				A84D9D7C297D798C00BA1DC6 /* Preview Content */,
			);
			path = iosApp;
			sourceTree = "<group>";
		};
		A84D9D7C297D798C00BA1DC6 /* Preview Content */ = {
			isa = PBXGroup;
			children = (
				A84D9D7D297D798C00BA1DC6 /* Preview Assets.xcassets */,
			);
			path = "Preview Content";
			sourceTree = "<group>";
		};
		A84D9D84297D7A1B00BA1DC6 /* utils */ = {
			isa = PBXGroup;
			children = (
				A84D9D85297D7A1B00BA1DC6 /* ObservableValue.swift */,
			);
			path = utils;
			sourceTree = "<group>";
		};
		A84D9D86297D7A1B00BA1DC6 /* presentation */ = {
			isa = PBXGroup;
			children = (
				A837012A2999696B008F19CB /* entername */,
				A813395229893D370031FDF9 /* counter */,
				A813394F29893C5D0031FDF9 /* selection */,
				A8109D1C297D87B4003D0712 /* sample */,
				A84D9D87297D7A1B00BA1DC6 /* storyboard_main */,
				A84D9D8B297D7A1B00BA1DC6 /* root */,
			);
			path = presentation;
			sourceTree = "<group>";
		};
		A84D9D87297D7A1B00BA1DC6 /* storyboard_main */ = {
			isa = PBXGroup;
			children = (
				A84D9D88297D7A1B00BA1DC6 /* ViewController.swift */,
				A84D9D89297D7A1B00BA1DC6 /* Main.storyboard */,
			);
			path = storyboard_main;
			sourceTree = "<group>";
		};
		A84D9D8B297D7A1B00BA1DC6 /* root */ = {
			isa = PBXGroup;
			children = (
				A84D9D8C297D7A1B00BA1DC6 /* RootView.swift */,
				A8109D1A297D875E003D0712 /* ChildView.swift */,
			);
			path = root;
			sourceTree = "<group>";
		};
		A84D9D8F297D7A1B00BA1DC6 /* components */ = {
			isa = PBXGroup;
			children = (
				A8BC3313299D68BD00230980 /* toast */,
				A84D9D90297D7A1B00BA1DC6 /* StoryBoardView.swift */,
				A8109D18297D821D003D0712 /* StackView.swift */,
			);
			path = components;
			sourceTree = "<group>";
		};
		A84D9D97297D7A3100BA1DC6 /* app */ = {
			isa = PBXGroup;
			children = (
				A84D9D76297D798A00BA1DC6 /* iosAppApp.swift */,
				A84D9D78297D798A00BA1DC6 /* ContentView.swift */,
				A84D9D98297D7A3F00BA1DC6 /* RootHolder.swift */,
				A8109D16297D7FE8003D0712 /* AppDelegate.swift */,
			);
			path = app;
			sourceTree = "<group>";
		};
		A8BC3313299D68BD00230980 /* toast */ = {
			isa = PBXGroup;
			children = (
				A8BC3314299D68C900230980 /* ToastModifier.swift */,
			);
			path = toast;
			sourceTree = "<group>";
		};
/* End PBXGroup section */

/* Begin PBXNativeTarget section */
		A84D9D72297D798A00BA1DC6 /* iosApp */ = {
			isa = PBXNativeTarget;
			buildConfigurationList = A84D9D81297D798C00BA1DC6 /* Build configuration list for PBXNativeTarget "iosApp" */;
			buildPhases = (
				96B97BD9F17BB302CC7C2D87 /* [CP] Check Pods Manifest.lock */,
				A84D9D6F297D798A00BA1DC6 /* Sources */,
				A84D9D70297D798A00BA1DC6 /* Frameworks */,
				A84D9D71297D798A00BA1DC6 /* Resources */,
				245EC33C02F9E2AD7D6EA715 /* [CP] Embed Pods Frameworks */,
			);
			buildRules = (
			);
			dependencies = (
			);
			name = iosApp;
			packageProductDependencies = (
			);
			productName = iosApp;
			productReference = A84D9D73297D798A00BA1DC6 /* iosApp.app */;
			productType = "com.apple.product-type.application";
		};
/* End PBXNativeTarget section */

/* Begin PBXProject section */
		A84D9D6B297D798A00BA1DC6 /* Project object */ = {
			isa = PBXProject;
			attributes = {
				BuildIndependentTargetsInParallel = 1;
				LastSwiftUpdateCheck = 1410;
				LastUpgradeCheck = 1410;
				TargetAttributes = {
					A84D9D72297D798A00BA1DC6 = {
						CreatedOnToolsVersion = 14.1;
					};
				};
			};
			buildConfigurationList = A84D9D6E297D798A00BA1DC6 /* Build configuration list for PBXProject "iosApp" */;
			compatibilityVersion = "Xcode 13.0";
			developmentRegion = en;
			hasScannedForEncodings = 0;
			knownRegions = (
				en,
				Base,
			);
			mainGroup = A84D9D6A297D798A00BA1DC6;
			packageReferences = (
			);
			productRefGroup = A84D9D74297D798A00BA1DC6 /* Products */;
			projectDirPath = "";
			projectRoot = "";
			targets = (
				A84D9D72297D798A00BA1DC6 /* iosApp */,
			);
		};
/* End PBXProject section */

/* Begin PBXResourcesBuildPhase section */
		A84D9D71297D798A00BA1DC6 /* Resources */ = {
			isa = PBXResourcesBuildPhase;
			buildActionMask = 2147483647;
			files = (
				A84D9D93297D7A1B00BA1DC6 /* Main.storyboard in Resources */,
				A84D9D7E297D798C00BA1DC6 /* Preview Assets.xcassets in Resources */,
				A84D9D7B297D798C00BA1DC6 /* Assets.xcassets in Resources */,
			);
			runOnlyForDeploymentPostprocessing = 0;
		};
/* End PBXResourcesBuildPhase section */

/* Begin PBXShellScriptBuildPhase section */
		245EC33C02F9E2AD7D6EA715 /* [CP] Embed Pods Frameworks */ = {
			isa = PBXShellScriptBuildPhase;
			buildActionMask = 2147483647;
			files = (
			);
			inputFileListPaths = (
				"${PODS_ROOT}/Target Support Files/Pods-iosApp/Pods-iosApp-frameworks-${CONFIGURATION}-input-files.xcfilelist",
			);
			name = "[CP] Embed Pods Frameworks";
			outputFileListPaths = (
				"${PODS_ROOT}/Target Support Files/Pods-iosApp/Pods-iosApp-frameworks-${CONFIGURATION}-output-files.xcfilelist",
			);
			runOnlyForDeploymentPostprocessing = 0;
			shellPath = /bin/sh;
			shellScript = "\"${PODS_ROOT}/Target Support Files/Pods-iosApp/Pods-iosApp-frameworks.sh\"\n";
			showEnvVarsInLog = 0;
		};
		96B97BD9F17BB302CC7C2D87 /* [CP] Check Pods Manifest.lock */ = {
			isa = PBXShellScriptBuildPhase;
			buildActionMask = 2147483647;
			files = (
			);
			inputFileListPaths = (
			);
			inputPaths = (
				"${PODS_PODFILE_DIR_PATH}/Podfile.lock",
				"${PODS_ROOT}/Manifest.lock",
			);
			name = "[CP] Check Pods Manifest.lock";
			outputFileListPaths = (
			);
			outputPaths = (
				"$(DERIVED_FILE_DIR)/Pods-iosApp-checkManifestLockResult.txt",
			);
			runOnlyForDeploymentPostprocessing = 0;
			shellPath = /bin/sh;
			shellScript = "diff \"${PODS_PODFILE_DIR_PATH}/Podfile.lock\" \"${PODS_ROOT}/Manifest.lock\" > /dev/null\nif [ $? != 0 ] ; then\n    # print error to STDERR\n    echo \"error: The sandbox is not in sync with the Podfile.lock. Run 'pod install' or update your CocoaPods installation.\" >&2\n    exit 1\nfi\n# This output is used by Xcode 'outputs' to avoid re-running this script phase.\necho \"SUCCESS\" > \"${SCRIPT_OUTPUT_FILE_0}\"\n";
			showEnvVarsInLog = 0;
		};
/* End PBXShellScriptBuildPhase section */

/* Begin PBXSourcesBuildPhase section */
		A84D9D6F297D798A00BA1DC6 /* Sources */ = {
			isa = PBXSourcesBuildPhase;
			buildActionMask = 2147483647;
			files = (
				A8370129299966B1008F19CB /* com_makeevrserg_kmmplayground_shared.swift in Sources */,
				A84D9D79297D798A00BA1DC6 /* ContentView.swift in Sources */,
				A8109D1B297D875E003D0712 /* ChildView.swift in Sources */,
				A84D9D96297D7A1B00BA1DC6 /* StoryBoardView.swift in Sources */,
				A8109D1E297D87BD003D0712 /* SampleView.swift in Sources */,
				A8109D17297D7FE8003D0712 /* AppDelegate.swift in Sources */,
				A84D9D77297D798A00BA1DC6 /* iosAppApp.swift in Sources */,
				A837012C29996978008F19CB /* EnterNameView.swift in Sources */,
				A8BC3315299D68C900230980 /* ToastModifier.swift in Sources */,
				A84D9D92297D7A1B00BA1DC6 /* ViewController.swift in Sources */,
				A84D9D99297D7A3F00BA1DC6 /* RootHolder.swift in Sources */,
				A813395429893D400031FDF9 /* CounterView.swift in Sources */,
				A84D9D91297D7A1B00BA1DC6 /* ObservableValue.swift in Sources */,
				A84D9D94297D7A1B00BA1DC6 /* RootView.swift in Sources */,
				A8109D19297D821D003D0712 /* StackView.swift in Sources */,
				A813395129893C6C0031FDF9 /* ScreenSelectorView.swift in Sources */,
			);
			runOnlyForDeploymentPostprocessing = 0;
		};
/* End PBXSourcesBuildPhase section */

/* Begin PBXVariantGroup section */
		A84D9D89297D7A1B00BA1DC6 /* Main.storyboard */ = {
			isa = PBXVariantGroup;
			children = (
				A84D9D8A297D7A1B00BA1DC6 /* Base */,
			);
			name = Main.storyboard;
			sourceTree = "<group>";
		};
/* End PBXVariantGroup section */

/* Begin XCBuildConfiguration section */
		A84D9D7F297D798C00BA1DC6 /* Debug */ = {
			isa = XCBuildConfiguration;
			buildSettings = {
				ALWAYS_SEARCH_USER_PATHS = NO;
				CLANG_ANALYZER_NONNULL = YES;
				CLANG_ANALYZER_NUMBER_OBJECT_CONVERSION = YES_AGGRESSIVE;
				CLANG_CXX_LANGUAGE_STANDARD = "gnu++20";
				CLANG_ENABLE_MODULES = YES;
				CLANG_ENABLE_OBJC_ARC = YES;
				CLANG_ENABLE_OBJC_WEAK = YES;
				CLANG_WARN_BLOCK_CAPTURE_AUTORELEASING = YES;
				CLANG_WARN_BOOL_CONVERSION = YES;
				CLANG_WARN_COMMA = YES;
				CLANG_WARN_CONSTANT_CONVERSION = YES;
				CLANG_WARN_DEPRECATED_OBJC_IMPLEMENTATIONS = YES;
				CLANG_WARN_DIRECT_OBJC_ISA_USAGE = YES_ERROR;
				CLANG_WARN_DOCUMENTATION_COMMENTS = YES;
				CLANG_WARN_EMPTY_BODY = YES;
				CLANG_WARN_ENUM_CONVERSION = YES;
				CLANG_WARN_INFINITE_RECURSION = YES;
				CLANG_WARN_INT_CONVERSION = YES;
				CLANG_WARN_NON_LITERAL_NULL_CONVERSION = YES;
				CLANG_WARN_OBJC_IMPLICIT_RETAIN_SELF = YES;
				CLANG_WARN_OBJC_LITERAL_CONVERSION = YES;
				CLANG_WARN_OBJC_ROOT_CLASS = YES_ERROR;
				CLANG_WARN_QUOTED_INCLUDE_IN_FRAMEWORK_HEADER = YES;
				CLANG_WARN_RANGE_LOOP_ANALYSIS = YES;
				CLANG_WARN_STRICT_PROTOTYPES = YES;
				CLANG_WARN_SUSPICIOUS_MOVE = YES;
				CLANG_WARN_UNGUARDED_AVAILABILITY = YES_AGGRESSIVE;
				CLANG_WARN_UNREACHABLE_CODE = YES;
				CLANG_WARN__DUPLICATE_METHOD_MATCH = YES;
				COPY_PHASE_STRIP = NO;
				DEBUG_INFORMATION_FORMAT = dwarf;
				ENABLE_STRICT_OBJC_MSGSEND = YES;
				ENABLE_TESTABILITY = YES;
				GCC_C_LANGUAGE_STANDARD = gnu11;
				GCC_DYNAMIC_NO_PIC = NO;
				GCC_NO_COMMON_BLOCKS = YES;
				GCC_OPTIMIZATION_LEVEL = 0;
				GCC_PREPROCESSOR_DEFINITIONS = (
					"DEBUG=1",
					"$(inherited)",
				);
				GCC_WARN_64_TO_32_BIT_CONVERSION = YES;
				GCC_WARN_ABOUT_RETURN_TYPE = YES_ERROR;
				GCC_WARN_UNDECLARED_SELECTOR = YES;
				GCC_WARN_UNINITIALIZED_AUTOS = YES_AGGRESSIVE;
				GCC_WARN_UNUSED_FUNCTION = YES;
				GCC_WARN_UNUSED_VARIABLE = YES;
				IPHONEOS_DEPLOYMENT_TARGET = 15.0;
				MTL_ENABLE_DEBUG_INFO = INCLUDE_SOURCE;
				MTL_FAST_MATH = YES;
				ONLY_ACTIVE_ARCH = YES;
				SDKROOT = iphoneos;
				SWIFT_ACTIVE_COMPILATION_CONDITIONS = DEBUG;
				SWIFT_OPTIMIZATION_LEVEL = "-Onone";
			};
			name = Debug;
		};
		A84D9D80297D798C00BA1DC6 /* Release */ = {
			isa = XCBuildConfiguration;
			buildSettings = {
				ALWAYS_SEARCH_USER_PATHS = NO;
				CLANG_ANALYZER_NONNULL = YES;
				CLANG_ANALYZER_NUMBER_OBJECT_CONVERSION = YES_AGGRESSIVE;
				CLANG_CXX_LANGUAGE_STANDARD = "gnu++20";
				CLANG_ENABLE_MODULES = YES;
				CLANG_ENABLE_OBJC_ARC = YES;
				CLANG_ENABLE_OBJC_WEAK = YES;
				CLANG_WARN_BLOCK_CAPTURE_AUTORELEASING = YES;
				CLANG_WARN_BOOL_CONVERSION = YES;
				CLANG_WARN_COMMA = YES;
				CLANG_WARN_CONSTANT_CONVERSION = YES;
				CLANG_WARN_DEPRECATED_OBJC_IMPLEMENTATIONS = YES;
				CLANG_WARN_DIRECT_OBJC_ISA_USAGE = YES_ERROR;
				CLANG_WARN_DOCUMENTATION_COMMENTS = YES;
				CLANG_WARN_EMPTY_BODY = YES;
				CLANG_WARN_ENUM_CONVERSION = YES;
				CLANG_WARN_INFINITE_RECURSION = YES;
				CLANG_WARN_INT_CONVERSION = YES;
				CLANG_WARN_NON_LITERAL_NULL_CONVERSION = YES;
				CLANG_WARN_OBJC_IMPLICIT_RETAIN_SELF = YES;
				CLANG_WARN_OBJC_LITERAL_CONVERSION = YES;
				CLANG_WARN_OBJC_ROOT_CLASS = YES_ERROR;
				CLANG_WARN_QUOTED_INCLUDE_IN_FRAMEWORK_HEADER = YES;
				CLANG_WARN_RANGE_LOOP_ANALYSIS = YES;
				CLANG_WARN_STRICT_PROTOTYPES = YES;
				CLANG_WARN_SUSPICIOUS_MOVE = YES;
				CLANG_WARN_UNGUARDED_AVAILABILITY = YES_AGGRESSIVE;
				CLANG_WARN_UNREACHABLE_CODE = YES;
				CLANG_WARN__DUPLICATE_METHOD_MATCH = YES;
				COPY_PHASE_STRIP = NO;
				DEBUG_INFORMATION_FORMAT = "dwarf-with-dsym";
				ENABLE_NS_ASSERTIONS = NO;
				ENABLE_STRICT_OBJC_MSGSEND = YES;
				GCC_C_LANGUAGE_STANDARD = gnu11;
				GCC_NO_COMMON_BLOCKS = YES;
				GCC_WARN_64_TO_32_BIT_CONVERSION = YES;
				GCC_WARN_ABOUT_RETURN_TYPE = YES_ERROR;
				GCC_WARN_UNDECLARED_SELECTOR = YES;
				GCC_WARN_UNINITIALIZED_AUTOS = YES_AGGRESSIVE;
				GCC_WARN_UNUSED_FUNCTION = YES;
				GCC_WARN_UNUSED_VARIABLE = YES;
				IPHONEOS_DEPLOYMENT_TARGET = 15.0;
				MTL_ENABLE_DEBUG_INFO = NO;
				MTL_FAST_MATH = YES;
				SDKROOT = iphoneos;
				SWIFT_COMPILATION_MODE = wholemodule;
				SWIFT_OPTIMIZATION_LEVEL = "-O";
				VALIDATE_PRODUCT = YES;
			};
			name = Release;
		};
		A84D9D82297D798C00BA1DC6 /* Debug */ = {
			isa = XCBuildConfiguration;
			baseConfigurationReference = C96AC21C0B20836276638E2C /* Pods-iosApp.debug.xcconfig */;
			buildSettings = {
				ASSETCATALOG_COMPILER_APPICON_NAME = AppIcon;
				ASSETCATALOG_COMPILER_GLOBAL_ACCENT_COLOR_NAME = AccentColor;
				BUILD_LIBRARY_FOR_DISTRIBUTION = YES;
				CODE_SIGN_STYLE = Automatic;
				CURRENT_PROJECT_VERSION = 1;
				DEVELOPMENT_ASSET_PATHS = "\"iosApp/Preview Content\"";
				DEVELOPMENT_TEAM = NPWL6456JG;
				ENABLE_PREVIEWS = YES;
				GENERATE_INFOPLIST_FILE = YES;
				INFOPLIST_KEY_UIApplicationSceneManifest_Generation = YES;
				INFOPLIST_KEY_UIApplicationSupportsIndirectInputEvents = YES;
				INFOPLIST_KEY_UILaunchScreen_Generation = YES;
				INFOPLIST_KEY_UISupportedInterfaceOrientations_iPad = "UIInterfaceOrientationPortrait UIInterfaceOrientationPortraitUpsideDown UIInterfaceOrientationLandscapeLeft UIInterfaceOrientationLandscapeRight";
				INFOPLIST_KEY_UISupportedInterfaceOrientations_iPhone = "UIInterfaceOrientationPortrait UIInterfaceOrientationLandscapeLeft UIInterfaceOrientationLandscapeRight";
				LD_RUNPATH_SEARCH_PATHS = (
					"$(inherited)",
					"@executable_path/Frameworks",
				);
				MARKETING_VERSION = 1.0;
				PRODUCT_BUNDLE_IDENTIFIER = com.makeevrserg.iosApp;
				PRODUCT_NAME = "$(TARGET_NAME)";
				SWIFT_EMIT_LOC_STRINGS = YES;
				SWIFT_VERSION = 5.0;
				TARGETED_DEVICE_FAMILY = "1,2";
			};
			name = Debug;
		};
		A84D9D83297D798C00BA1DC6 /* Release */ = {
			isa = XCBuildConfiguration;
			baseConfigurationReference = E2EFF7295FACA602DE9ED3C2 /* Pods-iosApp.release.xcconfig */;
			buildSettings = {
				ASSETCATALOG_COMPILER_APPICON_NAME = AppIcon;
				ASSETCATALOG_COMPILER_GLOBAL_ACCENT_COLOR_NAME = AccentColor;
				BUILD_LIBRARY_FOR_DISTRIBUTION = YES;
				CODE_SIGN_STYLE = Automatic;
				CURRENT_PROJECT_VERSION = 1;
				DEVELOPMENT_ASSET_PATHS = "\"iosApp/Preview Content\"";
				DEVELOPMENT_TEAM = NPWL6456JG;
				ENABLE_PREVIEWS = YES;
				GENERATE_INFOPLIST_FILE = YES;
				INFOPLIST_KEY_UIApplicationSceneManifest_Generation = YES;
				INFOPLIST_KEY_UIApplicationSupportsIndirectInputEvents = YES;
				INFOPLIST_KEY_UILaunchScreen_Generation = YES;
				INFOPLIST_KEY_UISupportedInterfaceOrientations_iPad = "UIInterfaceOrientationPortrait UIInterfaceOrientationPortraitUpsideDown UIInterfaceOrientationLandscapeLeft UIInterfaceOrientationLandscapeRight";
				INFOPLIST_KEY_UISupportedInterfaceOrientations_iPhone = "UIInterfaceOrientationPortrait UIInterfaceOrientationLandscapeLeft UIInterfaceOrientationLandscapeRight";
				LD_RUNPATH_SEARCH_PATHS = (
					"$(inherited)",
					"@executable_path/Frameworks",
				);
				MARKETING_VERSION = 1.0;
				PRODUCT_BUNDLE_IDENTIFIER = com.makeevrserg.iosApp;
				PRODUCT_NAME = "$(TARGET_NAME)";
				SWIFT_EMIT_LOC_STRINGS = YES;
				SWIFT_VERSION = 5.0;
				TARGETED_DEVICE_FAMILY = "1,2";
			};
			name = Release;
		};
/* End XCBuildConfiguration section */

/* Begin XCConfigurationList section */
		A84D9D6E297D798A00BA1DC6 /* Build configuration list for PBXProject "iosApp" */ = {
			isa = XCConfigurationList;
			buildConfigurations = (
				A84D9D7F297D798C00BA1DC6 /* Debug */,
				A84D9D80297D798C00BA1DC6 /* Release */,
			);
			defaultConfigurationIsVisible = 0;
			defaultConfigurationName = Release;
		};
		A84D9D81297D798C00BA1DC6 /* Build configuration list for PBXNativeTarget "iosApp" */ = {
			isa = XCConfigurationList;
			buildConfigurations = (
				A84D9D82297D798C00BA1DC6 /* Debug */,
				A84D9D83297D798C00BA1DC6 /* Release */,
			);
			defaultConfigurationIsVisible = 0;
			defaultConfigurationName = Release;
		};
/* End XCConfigurationList section */
	};
	rootObject = A84D9D6B297D798A00BA1DC6 /* Project object */;
}
