PODS:
  - mokoMvvmFlowSwiftUI (0.15.0)
  - shared (1.0)

DEPENDENCIES:
  - mokoMvvmFlowSwiftUI (from `https://raw.githubusercontent.com/icerockdev/moko-mvvm/release/0.15.0/mokoMvvmFlowSwiftUI.podspec`)
  - shared (from `../shared`)

EXTERNAL SOURCES:
  mokoMvvmFlowSwiftUI:
    :podspec: https://raw.githubusercontent.com/icerockdev/moko-mvvm/release/0.15.0/mokoMvvmFlowSwiftUI.podspec
  shared:
    :path: "../shared"

SPEC CHECKSUMS:
  mokoMvvmFlowSwiftUI: dd95361932cc305d0a0746c32735b7e1cea41c21
  shared: 07cac7993e4f05eda6b76f3a213b070947c3b79f

PODFILE CHECKSUM: 39f7ca5ed1604ce3d22c0cfd76469b67817593ed

COCOAPODS: 1.11.3
