{
  "pins" : [
    {
      "identity" : "xnavigation",
      "kind" : "remoteSourceControl",
      "location" : "https://github.com/DoubleSymmetry/XNavigation",
      "state" : {
        "branch" : "main",
        "revision" : "64cca06bedf78e7a411c156099957c84f526dd4b"
      }
    }
  ],
  "version" : 2
}
